
Microsoft Visual Studio Solution File, Format Version 12.00
# Visual Studio 14
VisualStudioVersion = 14.0.25420.1
MinimumVisualStudioVersion = 10.0.40219.1
Project("{FAE04EC0-301F-11D3-BF4B-00C04F79EFBC}") = "CoreThemeWindow", "ThemeWindow\CoreThemeWindow.csproj", "{B9911D48-7A60-4D44-B71F-2BA8C9521AE9}"
	ProjectSection(ProjectDependencies) = postProject
		{3E563956-7FD7-4320-B358-737FBEEFB03C} = {3E563956-7FD7-4320-B358-737FBEEFB03C}
	EndProjectSection
EndProject
Project("{FAE04EC0-301F-11D3-BF4B-00C04F79EFBC}") = "Theme-001", "Theme-001\Theme-001.csproj", "{3E563956-7FD7-4320-B358-737FBEEFB03C}"
EndProject
Project("{FAE04EC0-301F-11D3-BF4B-00C04F79EFBC}") = "ThemePack.Models", "ThemePack.Models\ThemePack.Models.csproj", "{B90B7536-F008-453D-80A0-3B62606F03BB}"
EndProject
Project("{FAE04EC0-301F-11D3-BF4B-00C04F79EFBC}") = "ThemePack.Common", "ThemePack.Common\ThemePack.Common.csproj", "{FF521270-BC6C-4AA6-87C2-FA49FFB93DBF}"
EndProject
Global
	GlobalSection(SolutionConfigurationPlatforms) = preSolution
		Debug|Any CPU = Debug|Any CPU
		Release|Any CPU = Release|Any CPU
	EndGlobalSection
	GlobalSection(ProjectConfigurationPlatforms) = postSolution
		{B9911D48-7A60-4D44-B71F-2BA8C9521AE9}.Debug|Any CPU.ActiveCfg = Debug|Any CPU
		{B9911D48-7A60-4D44-B71F-2BA8C9521AE9}.Debug|Any CPU.Build.0 = Debug|Any CPU
		{B9911D48-7A60-4D44-B71F-2BA8C9521AE9}.Release|Any CPU.ActiveCfg = Release|Any CPU
		{B9911D48-7A60-4D44-B71F-2BA8C9521AE9}.Release|Any CPU.Build.0 = Release|Any CPU
		{3E563956-7FD7-4320-B358-737FBEEFB03C}.Debug|Any CPU.ActiveCfg = Debug|Any CPU
		{3E563956-7FD7-4320-B358-737FBEEFB03C}.Debug|Any CPU.Build.0 = Debug|Any CPU
		{3E563956-7FD7-4320-B358-737FBEEFB03C}.Release|Any CPU.ActiveCfg = Release|Any CPU
		{3E563956-7FD7-4320-B358-737FBEEFB03C}.Release|Any CPU.Build.0 = Release|Any CPU
		{B90B7536-F008-453D-80A0-3B62606F03BB}.Debug|Any CPU.ActiveCfg = Debug|Any CPU
		{B90B7536-F008-453D-80A0-3B62606F03BB}.Debug|Any CPU.Build.0 = Debug|Any CPU
		{B90B7536-F008-453D-80A0-3B62606F03BB}.Release|Any CPU.ActiveCfg = Release|Any CPU
		{B90B7536-F008-453D-80A0-3B62606F03BB}.Release|Any CPU.Build.0 = Release|Any CPU
		{FF521270-BC6C-4AA6-87C2-FA49FFB93DBF}.Debug|Any CPU.ActiveCfg = Debug|Any CPU
		{FF521270-BC6C-4AA6-87C2-FA49FFB93DBF}.Debug|Any CPU.Build.0 = Debug|Any CPU
		{FF521270-BC6C-4AA6-87C2-FA49FFB93DBF}.Release|Any CPU.ActiveCfg = Release|Any CPU
		{FF521270-BC6C-4AA6-87C2-FA49FFB93DBF}.Release|Any CPU.Build.0 = Release|Any CPU
	EndGlobalSection
	GlobalSection(SolutionProperties) = preSolution
		HideSolutionNode = FALSE
	EndGlobalSection
EndGlobal
